
Microsoft Visual Studio Solution File, Format Version 12.00
# Visual Studio 15
VisualStudioVersion = 15.0.28307.106
MinimumVisualStudioVersion = 10.0.40219.1
Project("{FAE04EC0-301F-11D3-BF4B-00C04F79EFBC}") = "MimmiProject", "MimmiProject\MimmiProject.csproj", "{1B62D760-E51F-40A7-8DEE-9E47F5005EAA}"
EndProject
Global
	GlobalSection(SolutionConfigurationPlatforms) = preSolution
		Debug|Any CPU = Debug|Any CPU
		Release|Any CPU = Release|Any CPU
	EndGlobalSection
	GlobalSection(ProjectConfigurationPlatforms) = postSolution
		{1B62D760-E51F-40A7-8DEE-9E47F5005EAA}.Debug|Any CPU.ActiveCfg = Debug|Any CPU
		{1B62D760-E51F-40A7-8DEE-9E47F5005EAA}.Debug|Any CPU.Build.0 = Debug|Any CPU
		{1B62D760-E51F-40A7-8DEE-9E47F5005EAA}.Release|Any CPU.ActiveCfg = Release|Any CPU
		{1B62D760-E51F-40A7-8DEE-9E47F5005EAA}.Release|Any CPU.Build.0 = Release|Any CPU
	EndGlobalSection
	GlobalSection(SolutionProperties) = preSolution
		HideSolutionNode = FALSE
	EndGlobalSection
	GlobalSection(ExtensibilityGlobals) = postSolution
		SolutionGuid = {F863F253-BDFB-4FEA-B867-E11181575545}
	EndGlobalSection
EndGlobal
